
Microsoft Visual Studio Solution File, Format Version 12.00
Project("{FAE04EC0-301F-11D3-BF4B-00C04F79EFBC}") = "Calculator", "Calculator\Calculator.csproj", "{89AA5C17-7D40-42E8-AD3C-A14FF71C3E57}"
EndProject
Project("{FAE04EC0-301F-11D3-BF4B-00C04F79EFBC}") = "CalculatorTests", "CalculatorTests\CalculatorTests.csproj", "{6FA10E2E-D4A0-4497-8F28-DC8BD13E5A05}"
EndProject
Global
	GlobalSection(SolutionConfigurationPlatforms) = preSolution
		Debug|Any CPU = Debug|Any CPU
		Release|Any CPU = Release|Any CPU
	EndGlobalSection
	GlobalSection(ProjectConfigurationPlatforms) = postSolution
		{89AA5C17-7D40-42E8-AD3C-A14FF71C3E57}.Debug|Any CPU.ActiveCfg = Debug|Any CPU
		{89AA5C17-7D40-42E8-AD3C-A14FF71C3E57}.Debug|Any CPU.Build.0 = Debug|Any CPU
		{89AA5C17-7D40-42E8-AD3C-A14FF71C3E57}.Release|Any CPU.ActiveCfg = Release|Any CPU
		{89AA5C17-7D40-42E8-AD3C-A14FF71C3E57}.Release|Any CPU.Build.0 = Release|Any CPU
		{6FA10E2E-D4A0-4497-8F28-DC8BD13E5A05}.Debug|Any CPU.ActiveCfg = Debug|Any CPU
		{6FA10E2E-D4A0-4497-8F28-DC8BD13E5A05}.Debug|Any CPU.Build.0 = Debug|Any CPU
		{6FA10E2E-D4A0-4497-8F28-DC8BD13E5A05}.Release|Any CPU.ActiveCfg = Release|Any CPU
		{6FA10E2E-D4A0-4497-8F28-DC8BD13E5A05}.Release|Any CPU.Build.0 = Release|Any CPU
	EndGlobalSection
EndGlobal
